PODS:
  - AFNetworking (4.0.1):
    - AFNetworking/NSURLSession (= 4.0.1)
    - AFNetworking/Reachability (= 4.0.1)
    - AFNetworking/Security (= 4.0.1)
    - AFNetworking/Serialization (= 4.0.1)
    - AFNetworking/UIKit (= 4.0.1)
  - AFNetworking/NSURLSession (4.0.1):
    - AFNetworking/Reachability
    - AFNetworking/Security
    - AFNetworking/Serialization
  - AFNetworking/Reachability (4.0.1)
  - AFNetworking/Security (4.0.1)
  - AFNetworking/Serialization (4.0.1)
  - AFNetworking/UIKit (4.0.1):
    - AFNetworking/NSURLSession
  - SSZipArchive (2.4.3)
  - TLDownloadManager (0.1.0):
    - AFNetworking
    - SSZipArchive

DEPENDENCIES:
  - TLDownloadManager (from `../`)

SPEC REPOS:
  trunk:
    - AFNetworking
    - SSZipArchive

EXTERNAL SOURCES:
  TLDownloadManager:
    :path: "../"

SPEC CHECKSUMS:
  AFNetworking: 3bd23d814e976cd148d7d44c3ab78017b744cd58
  SSZipArchive: fe6a26b2a54d5a0890f2567b5cc6de5caa600aef
  TLDownloadManager: 5e3438958db2f803c16dae63f5836af9c791629f

PODFILE CHECKSUM: ba4f739dfdef507cdadb618bdc73944af097ac71

COCOAPODS: 1.12.1
